
Microsoft Visual Studio Solution File, Format Version 12.00
# Visual Studio Version 17
VisualStudioVersion = 17.5.33530.505
MinimumVisualStudioVersion = 10.0.40219.1
Project("{FAE04EC0-301F-11D3-BF4B-00C04F79EFBC}") = "Bank_Api", "Bank_Api.csproj", "{ACD5E42F-13EC-45B5-BA73-D257145D43D8}"
EndProject
Project("{9A19103F-16F7-4668-BE54-9A1E7A4F7556}") = "BaseDatos", "..\BaseDatos\BaseDatos.csproj", "{72F3290D-898E-4E14-BDDD-BE8A990A2C85}"
EndProject
Global
	GlobalSection(SolutionConfigurationPlatforms) = preSolution
		Debug|Any CPU = Debug|Any CPU
		Release|Any CPU = Release|Any CPU
	EndGlobalSection
	GlobalSection(ProjectConfigurationPlatforms) = postSolution
		{ACD5E42F-13EC-45B5-BA73-D257145D43D8}.Debug|Any CPU.ActiveCfg = Debug|Any CPU
		{ACD5E42F-13EC-45B5-BA73-D257145D43D8}.Debug|Any CPU.Build.0 = Debug|Any CPU
		{ACD5E42F-13EC-45B5-BA73-D257145D43D8}.Release|Any CPU.ActiveCfg = Release|Any CPU
		{ACD5E42F-13EC-45B5-BA73-D257145D43D8}.Release|Any CPU.Build.0 = Release|Any CPU
		{72F3290D-898E-4E14-BDDD-BE8A990A2C85}.Debug|Any CPU.ActiveCfg = Debug|Any CPU
		{72F3290D-898E-4E14-BDDD-BE8A990A2C85}.Debug|Any CPU.Build.0 = Debug|Any CPU
		{72F3290D-898E-4E14-BDDD-BE8A990A2C85}.Release|Any CPU.ActiveCfg = Release|Any CPU
		{72F3290D-898E-4E14-BDDD-BE8A990A2C85}.Release|Any CPU.Build.0 = Release|Any CPU
	EndGlobalSection
	GlobalSection(SolutionProperties) = preSolution
		HideSolutionNode = FALSE
	EndGlobalSection
	GlobalSection(ExtensibilityGlobals) = postSolution
		SolutionGuid = {BCE09AAA-7957-420C-AFA4-B48989D54582}
	EndGlobalSection
EndGlobal
